
Microsoft Visual Studio Solution File, Format Version 12.00
# Visual Studio Version 17
VisualStudioVersion = 17.4.33122.133
MinimumVisualStudioVersion = 10.0.40219.1
Project("{FAE04EC0-301F-11D3-BF4B-00C04F79EFBC}") = "JobLessonASPNETMVCCore03v01", "JobLessonASPNETMVCCore03v01\JobLessonASPNETMVCCore03v01.csproj", "{954D8381-254D-4DD0-9A9F-CDCBB32ADC51}"
EndProject
Global
	GlobalSection(SolutionConfigurationPlatforms) = preSolution
		Debug|Any CPU = Debug|Any CPU
		Release|Any CPU = Release|Any CPU
	EndGlobalSection
	GlobalSection(ProjectConfigurationPlatforms) = postSolution
		{954D8381-254D-4DD0-9A9F-CDCBB32ADC51}.Debug|Any CPU.ActiveCfg = Debug|Any CPU
		{954D8381-254D-4DD0-9A9F-CDCBB32ADC51}.Debug|Any CPU.Build.0 = Debug|Any CPU
		{954D8381-254D-4DD0-9A9F-CDCBB32ADC51}.Release|Any CPU.ActiveCfg = Release|Any CPU
		{954D8381-254D-4DD0-9A9F-CDCBB32ADC51}.Release|Any CPU.Build.0 = Release|Any CPU
	EndGlobalSection
	GlobalSection(SolutionProperties) = preSolution
		HideSolutionNode = FALSE
	EndGlobalSection
	GlobalSection(ExtensibilityGlobals) = postSolution
		SolutionGuid = {2CD99C3A-6C18-42C4-84A5-04217747C1CB}
	EndGlobalSection
EndGlobal
